
Microsoft Visual Studio Solution File, Format Version 12.00
# Visual Studio Version 17
VisualStudioVersion = 17.10.35013.160
MinimumVisualStudioVersion = 10.0.40219.1
Project("{8BC9CEB8-8B4A-11D0-8D11-00A0C91BC942}") = "AlgorithmCommon", "AlgorithmCommon\AlgorithmCommon.vcxproj", "{0CFAC508-B04D-4E45-95CC-B084E12F45E6}"
EndProject
Global
	GlobalSection(SolutionConfigurationPlatforms) = preSolution
		Debug|x64 = Debug|x64
		Debug|x86 = Debug|x86
		Release|x64 = Release|x64
		Release|x86 = Release|x86
	EndGlobalSection
	GlobalSection(ProjectConfigurationPlatforms) = postSolution
		{0CFAC508-B04D-4E45-95CC-B084E12F45E6}.Debug|x64.ActiveCfg = Debug|x64
		{0CFAC508-B04D-4E45-95CC-B084E12F45E6}.Debug|x64.Build.0 = Debug|x64
		{0CFAC508-B04D-4E45-95CC-B084E12F45E6}.Debug|x86.ActiveCfg = Debug|Win32
		{0CFAC508-B04D-4E45-95CC-B084E12F45E6}.Debug|x86.Build.0 = Debug|Win32
		{0CFAC508-B04D-4E45-95CC-B084E12F45E6}.Release|x64.ActiveCfg = Release|x64
		{0CFAC508-B04D-4E45-95CC-B084E12F45E6}.Release|x64.Build.0 = Release|x64
		{0CFAC508-B04D-4E45-95CC-B084E12F45E6}.Release|x86.ActiveCfg = Release|Win32
		{0CFAC508-B04D-4E45-95CC-B084E12F45E6}.Release|x86.Build.0 = Release|Win32
	EndGlobalSection
	GlobalSection(SolutionProperties) = preSolution
		HideSolutionNode = FALSE
	EndGlobalSection
	GlobalSection(ExtensibilityGlobals) = postSolution
		SolutionGuid = {47579095-D471-40BF-9C36-9B184B963F3E}
	EndGlobalSection
EndGlobal
